
Microsoft Visual Studio Solution File, Format Version 12.00
# Visual Studio Version 17
VisualStudioVersion = 17.2.32616.157
MinimumVisualStudioVersion = 10.0.40219.1
Project("{FAE04EC0-301F-11D3-BF4B-00C04F79EFBC}") = "PersonalTracking", "PersonalTracking\PersonalTracking.csproj", "{DBC08AD3-206B-48F0-9807-9A66259D0412}"
EndProject
Project("{FAE04EC0-301F-11D3-BF4B-00C04F79EFBC}") = "BLL", "BLL\BLL.csproj", "{0EFFCDE0-EF2F-4EC2-90E3-270B0B6D8935}"
EndProject
Project("{FAE04EC0-301F-11D3-BF4B-00C04F79EFBC}") = "DAL", "DAL\DAL.csproj", "{D3C99293-D94E-48F1-9B4A-BE4A204C9E29}"
EndProject
Global
	GlobalSection(SolutionConfigurationPlatforms) = preSolution
		Debug|Any CPU = Debug|Any CPU
		Release|Any CPU = Release|Any CPU
	EndGlobalSection
	GlobalSection(ProjectConfigurationPlatforms) = postSolution
		{DBC08AD3-206B-48F0-9807-9A66259D0412}.Debug|Any CPU.ActiveCfg = Debug|Any CPU
		{DBC08AD3-206B-48F0-9807-9A66259D0412}.Debug|Any CPU.Build.0 = Debug|Any CPU
		{DBC08AD3-206B-48F0-9807-9A66259D0412}.Release|Any CPU.ActiveCfg = Release|Any CPU
		{DBC08AD3-206B-48F0-9807-9A66259D0412}.Release|Any CPU.Build.0 = Release|Any CPU
		{0EFFCDE0-EF2F-4EC2-90E3-270B0B6D8935}.Debug|Any CPU.ActiveCfg = Debug|Any CPU
		{0EFFCDE0-EF2F-4EC2-90E3-270B0B6D8935}.Debug|Any CPU.Build.0 = Debug|Any CPU
		{0EFFCDE0-EF2F-4EC2-90E3-270B0B6D8935}.Release|Any CPU.ActiveCfg = Release|Any CPU
		{0EFFCDE0-EF2F-4EC2-90E3-270B0B6D8935}.Release|Any CPU.Build.0 = Release|Any CPU
		{D3C99293-D94E-48F1-9B4A-BE4A204C9E29}.Debug|Any CPU.ActiveCfg = Debug|Any CPU
		{D3C99293-D94E-48F1-9B4A-BE4A204C9E29}.Debug|Any CPU.Build.0 = Debug|Any CPU
		{D3C99293-D94E-48F1-9B4A-BE4A204C9E29}.Release|Any CPU.ActiveCfg = Release|Any CPU
		{D3C99293-D94E-48F1-9B4A-BE4A204C9E29}.Release|Any CPU.Build.0 = Release|Any CPU
	EndGlobalSection
	GlobalSection(SolutionProperties) = preSolution
		HideSolutionNode = FALSE
	EndGlobalSection
	GlobalSection(ExtensibilityGlobals) = postSolution
		SolutionGuid = {7921B2B1-FE28-45CB-9D83-8CA2D11CA3A1}
	EndGlobalSection
EndGlobal
